
Microsoft Visual Studio Solution File, Format Version 12.00
# Visual Studio Version 16
VisualStudioVersion = 16.0.30711.63
MinimumVisualStudioVersion = 10.0.40219.1
Project("{FAE04EC0-301F-11D3-BF4B-00C04F79EFBC}") = "Radiotor", "Radiotor\Radiotor.csproj", "{6F2BDDF7-65D7-42CE-8377-E0C553090F85}"
EndProject
Global
	GlobalSection(SolutionConfigurationPlatforms) = preSolution
		Debug|Any CPU = Debug|Any CPU
		Release|Any CPU = Release|Any CPU
	EndGlobalSection
	GlobalSection(ProjectConfigurationPlatforms) = postSolution
		{6F2BDDF7-65D7-42CE-8377-E0C553090F85}.Debug|Any CPU.ActiveCfg = Debug|Any CPU
		{6F2BDDF7-65D7-42CE-8377-E0C553090F85}.Debug|Any CPU.Build.0 = Debug|Any CPU
		{6F2BDDF7-65D7-42CE-8377-E0C553090F85}.Release|Any CPU.ActiveCfg = Release|Any CPU
		{6F2BDDF7-65D7-42CE-8377-E0C553090F85}.Release|Any CPU.Build.0 = Release|Any CPU
	EndGlobalSection
	GlobalSection(SolutionProperties) = preSolution
		HideSolutionNode = FALSE
	EndGlobalSection
	GlobalSection(ExtensibilityGlobals) = postSolution
		SolutionGuid = {9E254C7D-D2CF-451F-8D45-73FA661D45CF}
	EndGlobalSection
EndGlobal
